{
  "name": "k6-moonbit-example-moon",
  "version": "0.1.0",
  "lockfileVersion": 3,
  "requires": true,
  "packages": {
    "": {
      "name": "k6-moonbit-example-moon",
      "version": "0.1.0",
      "devDependencies": {
        "@types/k6": "^0.52.0"
      },
      "engines": {
        "node": ">=18"
      }
    },
    "node_modules/@types/k6": {
      "version": "0.52.0",
      "dev": true,
      "license": "MIT"
    }
  }
}
